<?xml version="1.0" encoding="utf-8"?>
<Project ToolsVersion="4.0" xmlns="http://schemas.microsoft.com/developer/msbuild/2003">
  <ItemGroup>
    <Filter Include="Header Files">
      <UniqueIdentifier>{93995380-89BD-4b04-88EB-625FBE52EBFB}</UniqueIdentifier>
      <Extensions>h;hh;hpp;hxx;hm;inl;inc;xsd</Extensions>
    </Filter>
    <Filter Include="Resource Files">
      <UniqueIdentifier>{67DA6AB6-F800-4c08-8B7A-83BB121AAD01}</UniqueIdentifier>
      <Extensions>rc;ico;cur;bmp;dlg;rc2;rct;bin;rgs;gif;jpg;jpeg;jpe;resx;tiff;tif;png;wav;mfcribbon-ms</Extensions>
    </Filter>
    <Filter Include="Background">
      <UniqueIdentifier>{feda51e1-63fc-46cd-91d7-ab22d22c338b}</UniqueIdentifier>
    </Filter>
    <Filter Include="Framework">
      <UniqueIdentifier>{889a761d-a508-4104-8c00-64afb077438e}</UniqueIdentifier>
    </Filter>
    <Filter Include="Utils">
      <UniqueIdentifier>{1e06fa1c-6c36-4a7d-83c1-85d73a2bd656}</UniqueIdentifier>
    </Filter>
    <Filter Include="Game">
      <UniqueIdentifier>{10e7e06b-d461-4b5d-ac75-c9f2e619af80}</UniqueIdentifier>
    </Filter>
    <Filter Include="Game\Scene">
      <UniqueIdentifier>{4666fb6b-737c-4735-8383-8a07a40bf146}</UniqueIdentifier>
    </Filter>
    <Filter Include="WinMain">
      <UniqueIdentifier>{4FC737F1-C7A5-4376-A066-2A32D752A2FF}</UniqueIdentifier>
      <Extensions>cpp;c;cc;cxx;def;odl;idl;hpj;bat;asm;asmx</Extensions>
    </Filter>
    <Filter Include="GameObject">
      <UniqueIdentifier>{7fefdd96-ac17-45b7-98ee-ab52fb713270}</UniqueIdentifier>
    </Filter>
    <Filter Include="GameObject\Samus">
      <UniqueIdentifier>{76c34ce4-806e-46fc-9ecd-15b2c9e048b1}</UniqueIdentifier>
    </Filter>
  </ItemGroup>
  <ItemGroup>
    <ClCompile Include="main.cpp">
      <Filter>WinMain</Filter>
    </ClCompile>
    <ClCompile Include="Tile.cpp">
      <Filter>Background</Filter>
    </ClCompile>
    <ClCompile Include="QNode.cpp">
      <Filter>Background</Filter>
    </ClCompile>
    <ClCompile Include="QBackground.cpp">
      <Filter>Background</Filter>
    </ClCompile>
    <ClCompile Include="CSprite.cpp">
      <Filter>Framework</Filter>
    </ClCompile>
    <ClCompile Include="CTexture.cpp">
      <Filter>Framework</Filter>
    </ClCompile>
    <ClCompile Include="Global.cpp">
      <Filter>Utils</Filter>
    </ClCompile>
    <ClCompile Include="CCamera.cpp">
      <Filter>Framework</Filter>
    </ClCompile>
    <ClCompile Include="CText.cpp">
      <Filter>Framework</Filter>
    </ClCompile>
    <ClCompile Include="Game.cpp">
      <Filter>Game</Filter>
    </ClCompile>
    <ClCompile Include="SceneMain.cpp">
      <Filter>Game</Filter>
    </ClCompile>
    <ClCompile Include="Scene.cpp">
      <Filter>Game\Scene</Filter>
    </ClCompile>
    <ClCompile Include="Utils.cpp">
      <Filter>Utils</Filter>
    </ClCompile>
    <ClCompile Include="SceneMenu.cpp">
      <Filter>Game\Scene</Filter>
    </ClCompile>
    <ClCompile Include="SceneGame.cpp">
      <Filter>Game\Scene</Filter>
    </ClCompile>
    <ClCompile Include="Singleton.cpp">
      <Filter>Utils</Filter>
    </ClCompile>
    <ClCompile Include="GameObject.cpp">
      <Filter>GameObject</Filter>
    </ClCompile>
    <ClCompile Include="DynamicObject.cpp">
      <Filter>GameObject</Filter>
    </ClCompile>
    <ClCompile Include="Samus.cpp">
      <Filter>GameObject\Samus</Filter>
    </ClCompile>
  </ItemGroup>
  <ItemGroup>
    <ClInclude Include="Tile.h">
      <Filter>Background</Filter>
    </ClInclude>
    <ClInclude Include="QNode.h">
      <Filter>Background</Filter>
    </ClInclude>
    <ClInclude Include="QBackground.h">
      <Filter>Background</Filter>
    </ClInclude>
    <ClInclude Include="CSprite.h">
      <Filter>Framework</Filter>
    </ClInclude>
    <ClInclude Include="CTexture.h">
      <Filter>Framework</Filter>
    </ClInclude>
    <ClInclude Include="Global.h">
      <Filter>Utils</Filter>
    </ClInclude>
    <ClInclude Include="CCamera.h">
      <Filter>Framework</Filter>
    </ClInclude>
    <ClInclude Include="CText.h">
      <Filter>Framework</Filter>
    </ClInclude>
    <ClInclude Include="Game.h">
      <Filter>Game</Filter>
    </ClInclude>
    <ClInclude Include="SceneMain.h">
      <Filter>Game</Filter>
    </ClInclude>
    <ClInclude Include="Scene.h">
      <Filter>Game\Scene</Filter>
    </ClInclude>
    <ClInclude Include="Utils.h">
      <Filter>Utils</Filter>
    </ClInclude>
    <ClInclude Include="CEnum.h">
      <Filter>Utils</Filter>
    </ClInclude>
    <ClInclude Include="SceneMenu.h">
      <Filter>Game\Scene</Filter>
    </ClInclude>
    <ClInclude Include="SceneGame.h">
      <Filter>Game\Scene</Filter>
    </ClInclude>
    <ClInclude Include="Singleton.h">
      <Filter>Utils</Filter>
    </ClInclude>
    <ClInclude Include="GameObject.h">
      <Filter>GameObject</Filter>
    </ClInclude>
    <ClInclude Include="DynamicObject.h">
      <Filter>GameObject</Filter>
    </ClInclude>
    <ClInclude Include="Samus.h">
      <Filter>GameObject\Samus</Filter>
    </ClInclude>
  </ItemGroup>
</Project>